// !$*UTF8*$!
{
	archiveVersion = 1;
	classes = {
	};
	objectVersion = 51;
	objects = {

/* Begin PBXBuildFile section */
		2152FB042600AC8F00CF470E /* iOSApp.swift in Sources */ = {isa = PBXBuildFile; fileRef = 2152FB032600AC8F00CF470E /* iOSApp.swift */; };
		5054CF2BBC7D8E9FD0274A21 /* Pods_iosApp_iosAppTests.framework in Frameworks */ = {isa = PBXBuildFile; fileRef = 461D331E046A712417E05978 /* Pods_iosApp_iosAppTests.framework */; };
		6D02FA88287F6A3100C89732 /* KeyPairTests.swift in Sources */ = {isa = PBXBuildFile; fileRef = 6D02FA87287F6A3100C89732 /* KeyPairTests.swift */; };
		6D02FA8A287F6AE400C89732 /* SymmetricKeyTests.swift in Sources */ = {isa = PBXBuildFile; fileRef = 6D02FA89287F6AE400C89732 /* SymmetricKeyTests.swift */; };
		6D0886ED28595E2E009B6CF7 /* OfferCanceledEvent.swift in Sources */ = {isa = PBXBuildFile; fileRef = 6D0886EC28595E2E009B6CF7 /* OfferCanceledEvent.swift */; };
		6D096CE92872121700A36764 /* OfferView.swift in Sources */ = {isa = PBXBuildFile; fileRef = 6D096CE82872121700A36764 /* OfferView.swift */; };
		6D0F4D9C2853C4F60089EE9E /* OfferMessageNotifiable.swift in Sources */ = {isa = PBXBuildFile; fileRef = 6D0F4D9B2853C4F60089EE9E /* OfferMessageNotifiable.swift */; };
		6D0F4D9F2853C5A10089EE9E /* PublicKeyAnnouncement.swift in Sources */ = {isa = PBXBuildFile; fileRef = 6D0F4D9E2853C5A10089EE9E /* PublicKeyAnnouncement.swift */; };
		6D0FD5C82888A9B700B2DE4B /* ServiceFeeRateChangedEvent.swift in Sources */ = {isa = PBXBuildFile; fileRef = 6D0FD5C72888A9B700B2DE4B /* ServiceFeeRateChangedEvent.swift */; };
		6D174E2D27AD7DB800E208F7 /* CINMessageParsers.swift in Sources */ = {isa = PBXBuildFile; fileRef = 6D174E2C27AD7DB800E208F7 /* CINMessageParsers.swift */; };
		6D1914DB278B6DC7004A4329 /* MatrixTests.swift in Sources */ = {isa = PBXBuildFile; fileRef = 6D1914DA278B6DC6004A4329 /* MatrixTests.swift */; };
		6D21A3BA2871CC0C00B017BC /* ErrorViewModel.swift in Sources */ = {isa = PBXBuildFile; fileRef = 6D21A3B92871CC0C00B017BC /* ErrorViewModel.swift */; };
		6D2AB727273C250D0043DEE7 /* XPlatCryptoCompatibility.swift in Sources */ = {isa = PBXBuildFile; fileRef = 6D2AB726273C250D0043DEE7 /* XPlatCryptoCompatibility.swift */; };
		6D2C34112856CEFC0072AD96 /* P2PErrorNotifiable.swift in Sources */ = {isa = PBXBuildFile; fileRef = 6D2C34102856CEFC0072AD96 /* P2PErrorNotifiable.swift */; };
		6D35BC7A284EA9410046A9F8 /* Localizable.strings in Resources */ = {isa = PBXBuildFile; fileRef = 6D35BC7C284EA9410046A9F8 /* Localizable.strings */; };
		6D37F9CC28694ED300BA4EE2 /* DatabaseOffer.swift in Sources */ = {isa = PBXBuildFile; fileRef = 6D37F9CB28694ED300BA4EE2 /* DatabaseOffer.swift */; };
		6D38E9DF2847DDEF005C1285 /* OfferService.swift in Sources */ = {isa = PBXBuildFile; fileRef = 6D38E9DE2847DDEF005C1285 /* OfferService.swift */; };
		6D56891C2865530800BDE490 /* OfferServiceTests.swift in Sources */ = {isa = PBXBuildFile; fileRef = 6D56891B2865530800BDE490 /* OfferServiceTests.swift */; };
		6D56891E28656D1000BDE490 /* OfferServiceError.swift in Sources */ = {isa = PBXBuildFile; fileRef = 6D56891D28656D1000BDE490 /* OfferServiceError.swift */; };
		6D5689212865724900BDE490 /* OfferStruct.swift in Sources */ = {isa = PBXBuildFile; fileRef = 6D5689202865724900BDE490 /* OfferStruct.swift */; };
		6D5899AF284A787700DE390A /* BlockchainServiceTest.swift in Sources */ = {isa = PBXBuildFile; fileRef = 6D5899AE284A787700DE390A /* BlockchainServiceTest.swift */; };
		6D6B0FC028504603003A24B3 /* BlockchainErrorNotifiable.swift in Sources */ = {isa = PBXBuildFile; fileRef = 6D6B0FBF28504603003A24B3 /* BlockchainErrorNotifiable.swift */; };
		6D6B0FC228504926003A24B3 /* BlockchainServiceError.swift in Sources */ = {isa = PBXBuildFile; fileRef = 6D6B0FC128504926003A24B3 /* BlockchainServiceError.swift */; };
		6D6CE882284478040009B815 /* Offer.swift in Sources */ = {isa = PBXBuildFile; fileRef = 6D6CE881284478040009B815 /* Offer.swift */; };
		6D6CE885284479490009B815 /* OfferCardView.swift in Sources */ = {isa = PBXBuildFile; fileRef = 6D6CE884284479490009B815 /* OfferCardView.swift */; };
		6D6F190B287DFD7F00B9BCA1 /* PreviewableOfferTruthSource.swift in Sources */ = {isa = PBXBuildFile; fileRef = 6D6F190A287DFD7E00B9BCA1 /* PreviewableOfferTruthSource.swift */; };
		6D6F190D287E02DC00B9BCA1 /* SettlementMethod.swift in Sources */ = {isa = PBXBuildFile; fileRef = 6D6F190C287E02DC00B9BCA1 /* SettlementMethod.swift */; };
		6D70A5CA28665E50003FEDF3 /* OfferTruthSource.swift in Sources */ = {isa = PBXBuildFile; fileRef = 6D70A5C928665E50003FEDF3 /* OfferTruthSource.swift */; };
		6D70A5CC28669543003FEDF3 /* BlockchainEventRepository.swift in Sources */ = {isa = PBXBuildFile; fileRef = 6D70A5CB28669543003FEDF3 /* BlockchainEventRepository.swift */; };
		6D70A5CE2866A64E003FEDF3 /* DatabaseServiceError.swift in Sources */ = {isa = PBXBuildFile; fileRef = 6D70A5CD2866A64E003FEDF3 /* DatabaseServiceError.swift */; };
		6D79D918287B7C4F00CB544A /* StablecoinInformationRepository.swift in Sources */ = {isa = PBXBuildFile; fileRef = 6D79D917287B7C4F00CB544A /* StablecoinInformationRepository.swift */; };
		6D7D3CDF288390D20004F7F2 /* CreateOfferView.swift in Sources */ = {isa = PBXBuildFile; fileRef = 6D7D3CDE288390D20004F7F2 /* CreateOfferView.swift */; };
		6D7D3CE128847D9A0004F7F2 /* EthereumAddressExtensions.swift in Sources */ = {isa = PBXBuildFile; fileRef = 6D7D3CE028847D9A0004F7F2 /* EthereumAddressExtensions.swift */; };
		6D8AF7AA2759BAF0007BD4E3 /* SymmetricKey.swift in Sources */ = {isa = PBXBuildFile; fileRef = 6D8AF7A92759BAEF007BD4E3 /* SymmetricKey.swift */; };
		6D91C97B27533EBB00D85654 /* DatabaseService.swift in Sources */ = {isa = PBXBuildFile; fileRef = 6D91C97A27533EBB00D85654 /* DatabaseService.swift */; };
		6D91C97E2753F9B100D85654 /* DatabaseKeyPair.swift in Sources */ = {isa = PBXBuildFile; fileRef = 6D91C97D2753F9B100D85654 /* DatabaseKeyPair.swift */; };
		6D91C9812753FA2900D85654 /* DatabasePublicKey.swift in Sources */ = {isa = PBXBuildFile; fileRef = 6D91C9802753FA2900D85654 /* DatabasePublicKey.swift */; };
		6D91C9832753FBD900D85654 /* DatabaseServiceTests.swift in Sources */ = {isa = PBXBuildFile; fileRef = 6D91C9822753FBD900D85654 /* DatabaseServiceTests.swift */; };
		6D91C9862754329B00D85654 /* KeyPair.swift in Sources */ = {isa = PBXBuildFile; fileRef = 6D91C9852754329A00D85654 /* KeyPair.swift */; };
		6D91C988275432E300D85654 /* PublicKey.swift in Sources */ = {isa = PBXBuildFile; fileRef = 6D91C987275432E300D85654 /* PublicKey.swift */; };
		6D9291CA284BA082002B9E43 /* P2PService.swift in Sources */ = {isa = PBXBuildFile; fileRef = 6D9291C9284BA082002B9E43 /* P2PService.swift */; };
		6D9291CD284BC690002B9E43 /* P2PServiceTest.swift in Sources */ = {isa = PBXBuildFile; fileRef = 6D9291CC284BC690002B9E43 /* P2PServiceTest.swift */; };
		6D955395284AC41E00D96E97 /* OfferTakenEvent.swift in Sources */ = {isa = PBXBuildFile; fileRef = 6D955394284AC41E00D96E97 /* OfferTakenEvent.swift */; };
		6D9A7282286FD63100458353 /* OfferEditedEvent.swift in Sources */ = {isa = PBXBuildFile; fileRef = 6D9A7281286FD63100458353 /* OfferEditedEvent.swift */; };
		6D9ABCBD2736399F0034AE01 /* KeyManagerService.swift in Sources */ = {isa = PBXBuildFile; fileRef = 6D9ABCBC2736399F0034AE01 /* KeyManagerService.swift */; };
		6D9D547D28451183007D1093 /* OffersView.swift in Sources */ = {isa = PBXBuildFile; fileRef = 6D9D547C28451183007D1093 /* OffersView.swift */; };
		6DA19783284A8CAD00D2D073 /* CommutoSwapProvider.swift in Sources */ = {isa = PBXBuildFile; fileRef = 6DA19782284A8CAD00D2D073 /* CommutoSwapProvider.swift */; };
		6DA6C0502847148100F5C1C5 /* OffersViewModel.swift in Sources */ = {isa = PBXBuildFile; fileRef = 6DA6C04F2847148100F5C1C5 /* OffersViewModel.swift */; };
		6DA7C2BD275D4DB2003D243C /* CommutoCoreInteraction.swift in Sources */ = {isa = PBXBuildFile; fileRef = 6DA7C2BC275D4DB2003D243C /* CommutoCoreInteraction.swift */; };
		6DC2BF42287762CF00E5C3D7 /* OfferDirection.swift in Sources */ = {isa = PBXBuildFile; fileRef = 6DC2BF41287762CF00E5C3D7 /* OfferDirection.swift */; };
		6DC323D4273A2F1300936686 /* KMServiceTest.swift in Sources */ = {isa = PBXBuildFile; fileRef = 6DC323D3273A2F1300936686 /* KMServiceTest.swift */; };
		6DDFAFA5284AAC52004BC95F /* OfferOpenedEvent.swift in Sources */ = {isa = PBXBuildFile; fileRef = 6DDFAFA4284AAC52004BC95F /* OfferOpenedEvent.swift */; };
		6DE0896D284FD49300948166 /* OfferNotifiable.swift in Sources */ = {isa = PBXBuildFile; fileRef = 6DE0896C284FD49300948166 /* OfferNotifiable.swift */; };
		6DE6938C284A68D400086719 /* BlockchainService.swift in Sources */ = {isa = PBXBuildFile; fileRef = 6DE6938B284A68D400086719 /* BlockchainService.swift */; };
		6DEE9AE0288AE20D00EF07D8 /* NewOfferDataValidator.swift in Sources */ = {isa = PBXBuildFile; fileRef = 6DEE9ADF288AE20D00EF07D8 /* NewOfferDataValidator.swift */; };
		6DEE9AE2288AE39E00EF07D8 /* ValidatedNewOfferData.swift in Sources */ = {isa = PBXBuildFile; fileRef = 6DEE9AE1288AE39E00EF07D8 /* ValidatedNewOfferData.swift */; };
		6DEE9AE4288AFC6200EF07D8 /* NewOfferDataValidationError.swift in Sources */ = {isa = PBXBuildFile; fileRef = 6DEE9AE3288AFC6200EF07D8 /* NewOfferDataValidationError.swift */; };
		6DEE9AE6288AFE0000EF07D8 /* NewOfferDataValidatorTests.swift in Sources */ = {isa = PBXBuildFile; fileRef = 6DEE9AE5288AFE0000EF07D8 /* NewOfferDataValidatorTests.swift */; };
		7555FF83242A565900829871 /* ContentView.swift in Sources */ = {isa = PBXBuildFile; fileRef = 7555FF82242A565900829871 /* ContentView.swift */; };
		7D4F09D4A7AB11BE708941FA /* Pods_iosApp.framework in Frameworks */ = {isa = PBXBuildFile; fileRef = 2A9BECD972936E6488DBD023 /* Pods_iosApp.framework */; };
/* End PBXBuildFile section */

/* Begin PBXContainerItemProxy section */
		6DC323CE273A2EB200936686 /* PBXContainerItemProxy */ = {
			isa = PBXContainerItemProxy;
			containerPortal = 7555FF73242A565900829871 /* Project object */;
			proxyType = 1;
			remoteGlobalIDString = 7555FF7A242A565900829871;
			remoteInfo = iosApp;
		};
/* End PBXContainerItemProxy section */

/* Begin PBXFileReference section */
		2152FB032600AC8F00CF470E /* iOSApp.swift */ = {isa = PBXFileReference; lastKnownFileType = sourcecode.swift; path = iOSApp.swift; sourceTree = "<group>"; };
		2A9BECD972936E6488DBD023 /* Pods_iosApp.framework */ = {isa = PBXFileReference; explicitFileType = wrapper.framework; includeInIndex = 0; path = Pods_iosApp.framework; sourceTree = BUILT_PRODUCTS_DIR; };
		461D331E046A712417E05978 /* Pods_iosApp_iosAppTests.framework */ = {isa = PBXFileReference; explicitFileType = wrapper.framework; includeInIndex = 0; path = Pods_iosApp_iosAppTests.framework; sourceTree = BUILT_PRODUCTS_DIR; };
		63F0BA089535DBA1F307F735 /* Pods-iosApp-iosAppTests.release.xcconfig */ = {isa = PBXFileReference; includeInIndex = 1; lastKnownFileType = text.xcconfig; name = "Pods-iosApp-iosAppTests.release.xcconfig"; path = "Target Support Files/Pods-iosApp-iosAppTests/Pods-iosApp-iosAppTests.release.xcconfig"; sourceTree = "<group>"; };
		6D02FA87287F6A3100C89732 /* KeyPairTests.swift */ = {isa = PBXFileReference; lastKnownFileType = sourcecode.swift; path = KeyPairTests.swift; sourceTree = "<group>"; };
		6D02FA89287F6AE400C89732 /* SymmetricKeyTests.swift */ = {isa = PBXFileReference; lastKnownFileType = sourcecode.swift; path = SymmetricKeyTests.swift; sourceTree = "<group>"; };
		6D0886EC28595E2E009B6CF7 /* OfferCanceledEvent.swift */ = {isa = PBXFileReference; lastKnownFileType = sourcecode.swift; path = OfferCanceledEvent.swift; sourceTree = "<group>"; };
		6D096CE82872121700A36764 /* OfferView.swift */ = {isa = PBXFileReference; lastKnownFileType = sourcecode.swift; path = OfferView.swift; sourceTree = "<group>"; };
		6D0F4D9B2853C4F60089EE9E /* OfferMessageNotifiable.swift */ = {isa = PBXFileReference; lastKnownFileType = sourcecode.swift; path = OfferMessageNotifiable.swift; sourceTree = "<group>"; };
		6D0F4D9E2853C5A10089EE9E /* PublicKeyAnnouncement.swift */ = {isa = PBXFileReference; lastKnownFileType = sourcecode.swift; path = PublicKeyAnnouncement.swift; sourceTree = "<group>"; };
		6D0FD5C72888A9B700B2DE4B /* ServiceFeeRateChangedEvent.swift */ = {isa = PBXFileReference; lastKnownFileType = sourcecode.swift; path = ServiceFeeRateChangedEvent.swift; sourceTree = "<group>"; };
		6D174E2C27AD7DB800E208F7 /* CINMessageParsers.swift */ = {isa = PBXFileReference; lastKnownFileType = sourcecode.swift; path = CINMessageParsers.swift; sourceTree = "<group>"; };
		6D1914DA278B6DC6004A4329 /* MatrixTests.swift */ = {isa = PBXFileReference; lastKnownFileType = sourcecode.swift; path = MatrixTests.swift; sourceTree = "<group>"; };
		6D21A3B92871CC0C00B017BC /* ErrorViewModel.swift */ = {isa = PBXFileReference; lastKnownFileType = sourcecode.swift; path = ErrorViewModel.swift; sourceTree = "<group>"; };
		6D2AB726273C250D0043DEE7 /* XPlatCryptoCompatibility.swift */ = {isa = PBXFileReference; lastKnownFileType = sourcecode.swift; path = XPlatCryptoCompatibility.swift; sourceTree = "<group>"; };
		6D2C34102856CEFC0072AD96 /* P2PErrorNotifiable.swift */ = {isa = PBXFileReference; lastKnownFileType = sourcecode.swift; path = P2PErrorNotifiable.swift; sourceTree = "<group>"; };
		6D35BC7B284EA9410046A9F8 /* de */ = {isa = PBXFileReference; lastKnownFileType = text.plist.strings; name = de; path = de.lproj/Localizable.strings; sourceTree = "<group>"; };
		6D35BC7D284EA9460046A9F8 /* en */ = {isa = PBXFileReference; lastKnownFileType = text.plist.strings; name = en; path = en.lproj/Localizable.strings; sourceTree = "<group>"; };
		6D37F9CB28694ED300BA4EE2 /* DatabaseOffer.swift */ = {isa = PBXFileReference; lastKnownFileType = sourcecode.swift; path = DatabaseOffer.swift; sourceTree = "<group>"; };
		6D38E9DE2847DDEF005C1285 /* OfferService.swift */ = {isa = PBXFileReference; lastKnownFileType = sourcecode.swift; path = OfferService.swift; sourceTree = "<group>"; };
		6D56891B2865530800BDE490 /* OfferServiceTests.swift */ = {isa = PBXFileReference; lastKnownFileType = sourcecode.swift; path = OfferServiceTests.swift; sourceTree = "<group>"; };
		6D56891D28656D1000BDE490 /* OfferServiceError.swift */ = {isa = PBXFileReference; lastKnownFileType = sourcecode.swift; path = OfferServiceError.swift; sourceTree = "<group>"; };
		6D5689202865724900BDE490 /* OfferStruct.swift */ = {isa = PBXFileReference; lastKnownFileType = sourcecode.swift; path = OfferStruct.swift; sourceTree = "<group>"; };
		6D5899AE284A787700DE390A /* BlockchainServiceTest.swift */ = {isa = PBXFileReference; lastKnownFileType = sourcecode.swift; path = BlockchainServiceTest.swift; sourceTree = "<group>"; };
		6D6B0FBF28504603003A24B3 /* BlockchainErrorNotifiable.swift */ = {isa = PBXFileReference; lastKnownFileType = sourcecode.swift; path = BlockchainErrorNotifiable.swift; sourceTree = "<group>"; };
		6D6B0FC128504926003A24B3 /* BlockchainServiceError.swift */ = {isa = PBXFileReference; lastKnownFileType = sourcecode.swift; path = BlockchainServiceError.swift; sourceTree = "<group>"; };
		6D6CE881284478040009B815 /* Offer.swift */ = {isa = PBXFileReference; lastKnownFileType = sourcecode.swift; path = Offer.swift; sourceTree = "<group>"; };
		6D6CE884284479490009B815 /* OfferCardView.swift */ = {isa = PBXFileReference; lastKnownFileType = sourcecode.swift; path = OfferCardView.swift; sourceTree = "<group>"; };
		6D6F190A287DFD7E00B9BCA1 /* PreviewableOfferTruthSource.swift */ = {isa = PBXFileReference; lastKnownFileType = sourcecode.swift; path = PreviewableOfferTruthSource.swift; sourceTree = "<group>"; };
		6D6F190C287E02DC00B9BCA1 /* SettlementMethod.swift */ = {isa = PBXFileReference; lastKnownFileType = sourcecode.swift; path = SettlementMethod.swift; sourceTree = "<group>"; };
		6D70A5C928665E50003FEDF3 /* OfferTruthSource.swift */ = {isa = PBXFileReference; lastKnownFileType = sourcecode.swift; path = OfferTruthSource.swift; sourceTree = "<group>"; };
		6D70A5CB28669543003FEDF3 /* BlockchainEventRepository.swift */ = {isa = PBXFileReference; lastKnownFileType = sourcecode.swift; path = BlockchainEventRepository.swift; sourceTree = "<group>"; };
		6D70A5CD2866A64E003FEDF3 /* DatabaseServiceError.swift */ = {isa = PBXFileReference; lastKnownFileType = sourcecode.swift; path = DatabaseServiceError.swift; sourceTree = "<group>"; };
		6D79D917287B7C4F00CB544A /* StablecoinInformationRepository.swift */ = {isa = PBXFileReference; lastKnownFileType = sourcecode.swift; path = StablecoinInformationRepository.swift; sourceTree = "<group>"; };
		6D7D3CDE288390D20004F7F2 /* CreateOfferView.swift */ = {isa = PBXFileReference; lastKnownFileType = sourcecode.swift; path = CreateOfferView.swift; sourceTree = "<group>"; };
		6D7D3CE028847D9A0004F7F2 /* EthereumAddressExtensions.swift */ = {isa = PBXFileReference; lastKnownFileType = sourcecode.swift; path = EthereumAddressExtensions.swift; sourceTree = "<group>"; };
		6D8AF7A92759BAEF007BD4E3 /* SymmetricKey.swift */ = {isa = PBXFileReference; lastKnownFileType = sourcecode.swift; path = SymmetricKey.swift; sourceTree = "<group>"; };
		6D91C97A27533EBB00D85654 /* DatabaseService.swift */ = {isa = PBXFileReference; lastKnownFileType = sourcecode.swift; path = DatabaseService.swift; sourceTree = "<group>"; };
		6D91C97D2753F9B100D85654 /* DatabaseKeyPair.swift */ = {isa = PBXFileReference; lastKnownFileType = sourcecode.swift; path = DatabaseKeyPair.swift; sourceTree = "<group>"; };
		6D91C9802753FA2900D85654 /* DatabasePublicKey.swift */ = {isa = PBXFileReference; lastKnownFileType = sourcecode.swift; path = DatabasePublicKey.swift; sourceTree = "<group>"; };
		6D91C9822753FBD900D85654 /* DatabaseServiceTests.swift */ = {isa = PBXFileReference; lastKnownFileType = sourcecode.swift; path = DatabaseServiceTests.swift; sourceTree = "<group>"; };
		6D91C9852754329A00D85654 /* KeyPair.swift */ = {isa = PBXFileReference; lastKnownFileType = sourcecode.swift; path = KeyPair.swift; sourceTree = "<group>"; };
		6D91C987275432E300D85654 /* PublicKey.swift */ = {isa = PBXFileReference; lastKnownFileType = sourcecode.swift; path = PublicKey.swift; sourceTree = "<group>"; };
		6D9291C9284BA082002B9E43 /* P2PService.swift */ = {isa = PBXFileReference; lastKnownFileType = sourcecode.swift; path = P2PService.swift; sourceTree = "<group>"; };
		6D9291CC284BC690002B9E43 /* P2PServiceTest.swift */ = {isa = PBXFileReference; lastKnownFileType = sourcecode.swift; path = P2PServiceTest.swift; sourceTree = "<group>"; };
		6D955394284AC41E00D96E97 /* OfferTakenEvent.swift */ = {isa = PBXFileReference; lastKnownFileType = sourcecode.swift; path = OfferTakenEvent.swift; sourceTree = "<group>"; };
		6D9A7281286FD63100458353 /* OfferEditedEvent.swift */ = {isa = PBXFileReference; lastKnownFileType = sourcecode.swift; path = OfferEditedEvent.swift; sourceTree = "<group>"; };
		6D9ABCBC2736399F0034AE01 /* KeyManagerService.swift */ = {isa = PBXFileReference; lastKnownFileType = sourcecode.swift; path = KeyManagerService.swift; sourceTree = "<group>"; };
		6D9D547C28451183007D1093 /* OffersView.swift */ = {isa = PBXFileReference; lastKnownFileType = sourcecode.swift; path = OffersView.swift; sourceTree = "<group>"; };
		6DA19782284A8CAD00D2D073 /* CommutoSwapProvider.swift */ = {isa = PBXFileReference; lastKnownFileType = sourcecode.swift; path = CommutoSwapProvider.swift; sourceTree = "<group>"; };
		6DA6C04F2847148100F5C1C5 /* OffersViewModel.swift */ = {isa = PBXFileReference; lastKnownFileType = sourcecode.swift; path = OffersViewModel.swift; sourceTree = "<group>"; };
		6DA7C2BC275D4DB2003D243C /* CommutoCoreInteraction.swift */ = {isa = PBXFileReference; lastKnownFileType = sourcecode.swift; path = CommutoCoreInteraction.swift; sourceTree = "<group>"; };
		6DA7C2BE275D51C2003D243C /* BigInt.framework */ = {isa = PBXFileReference; explicitFileType = wrapper.framework; path = BigInt.framework; sourceTree = BUILT_PRODUCTS_DIR; };
		6DA7C2C0275D51C2003D243C /* CryptoSwift.framework */ = {isa = PBXFileReference; explicitFileType = wrapper.framework; path = CryptoSwift.framework; sourceTree = BUILT_PRODUCTS_DIR; };
		6DA7C2C4275D51C2003D243C /* PromiseKit.framework */ = {isa = PBXFileReference; explicitFileType = wrapper.framework; path = PromiseKit.framework; sourceTree = BUILT_PRODUCTS_DIR; };
		6DA7C2C6275D51C2003D243C /* secp256k1.framework */ = {isa = PBXFileReference; explicitFileType = wrapper.framework; path = secp256k1.framework; sourceTree = BUILT_PRODUCTS_DIR; };
		6DA7C2C8275D51C2003D243C /* SQLite.framework */ = {isa = PBXFileReference; explicitFileType = wrapper.framework; path = SQLite.framework; sourceTree = BUILT_PRODUCTS_DIR; };
		6DA7C2CA275D51C2003D243C /* Starscream.framework */ = {isa = PBXFileReference; explicitFileType = wrapper.framework; path = Starscream.framework; sourceTree = BUILT_PRODUCTS_DIR; };
		6DA7C2CC275D51C2003D243C /* web3swift.framework */ = {isa = PBXFileReference; explicitFileType = wrapper.framework; path = web3swift.framework; sourceTree = BUILT_PRODUCTS_DIR; };
		6DA7C2CE275D51D8003D243C /* BigInt.framework */ = {isa = PBXFileReference; explicitFileType = wrapper.framework; path = BigInt.framework; sourceTree = BUILT_PRODUCTS_DIR; };
		6DA7C2D0275D51D8003D243C /* CryptoSwift.framework */ = {isa = PBXFileReference; explicitFileType = wrapper.framework; path = CryptoSwift.framework; sourceTree = BUILT_PRODUCTS_DIR; };
		6DA7C2D4275D51D8003D243C /* PromiseKit.framework */ = {isa = PBXFileReference; explicitFileType = wrapper.framework; path = PromiseKit.framework; sourceTree = BUILT_PRODUCTS_DIR; };
		6DA7C2D6275D51D8003D243C /* secp256k1.framework */ = {isa = PBXFileReference; explicitFileType = wrapper.framework; path = secp256k1.framework; sourceTree = BUILT_PRODUCTS_DIR; };
		6DA7C2D8275D51D8003D243C /* SQLite.framework */ = {isa = PBXFileReference; explicitFileType = wrapper.framework; path = SQLite.framework; sourceTree = BUILT_PRODUCTS_DIR; };
		6DA7C2DA275D51D8003D243C /* Starscream.framework */ = {isa = PBXFileReference; explicitFileType = wrapper.framework; path = Starscream.framework; sourceTree = BUILT_PRODUCTS_DIR; };
		6DC2BF41287762CF00E5C3D7 /* OfferDirection.swift */ = {isa = PBXFileReference; lastKnownFileType = sourcecode.swift; path = OfferDirection.swift; sourceTree = "<group>"; };
		6DC323CA273A2EB200936686 /* iosAppTests.xctest */ = {isa = PBXFileReference; explicitFileType = wrapper.cfbundle; includeInIndex = 0; path = iosAppTests.xctest; sourceTree = BUILT_PRODUCTS_DIR; };
		6DC323D3273A2F1300936686 /* KMServiceTest.swift */ = {isa = PBXFileReference; lastKnownFileType = sourcecode.swift; name = KMServiceTest.swift; path = "../New Group/KMServiceTest.swift"; sourceTree = "<group>"; };
		6DDFAFA4284AAC52004BC95F /* OfferOpenedEvent.swift */ = {isa = PBXFileReference; lastKnownFileType = sourcecode.swift; path = OfferOpenedEvent.swift; sourceTree = "<group>"; };
		6DE0896C284FD49300948166 /* OfferNotifiable.swift */ = {isa = PBXFileReference; lastKnownFileType = sourcecode.swift; path = OfferNotifiable.swift; sourceTree = "<group>"; };
		6DE6938B284A68D400086719 /* BlockchainService.swift */ = {isa = PBXFileReference; lastKnownFileType = sourcecode.swift; path = BlockchainService.swift; sourceTree = "<group>"; };
		6DEE9ADF288AE20D00EF07D8 /* NewOfferDataValidator.swift */ = {isa = PBXFileReference; lastKnownFileType = sourcecode.swift; path = NewOfferDataValidator.swift; sourceTree = "<group>"; };
		6DEE9AE1288AE39E00EF07D8 /* ValidatedNewOfferData.swift */ = {isa = PBXFileReference; lastKnownFileType = sourcecode.swift; path = ValidatedNewOfferData.swift; sourceTree = "<group>"; };
		6DEE9AE3288AFC6200EF07D8 /* NewOfferDataValidationError.swift */ = {isa = PBXFileReference; lastKnownFileType = sourcecode.swift; path = NewOfferDataValidationError.swift; sourceTree = "<group>"; };
		6DEE9AE5288AFE0000EF07D8 /* NewOfferDataValidatorTests.swift */ = {isa = PBXFileReference; lastKnownFileType = sourcecode.swift; path = NewOfferDataValidatorTests.swift; sourceTree = "<group>"; };
		72DEE244A27CFE4FBFFAAF5E /* Pods-iosApp.release.xcconfig */ = {isa = PBXFileReference; includeInIndex = 1; lastKnownFileType = text.xcconfig; name = "Pods-iosApp.release.xcconfig"; path = "Target Support Files/Pods-iosApp/Pods-iosApp.release.xcconfig"; sourceTree = "<group>"; };
		7555FF7B242A565900829871 /* iosApp.app */ = {isa = PBXFileReference; explicitFileType = wrapper.application; includeInIndex = 0; path = iosApp.app; sourceTree = BUILT_PRODUCTS_DIR; };
		7555FF82242A565900829871 /* ContentView.swift */ = {isa = PBXFileReference; lastKnownFileType = sourcecode.swift; path = ContentView.swift; sourceTree = "<group>"; };
		7555FF8C242A565B00829871 /* Info.plist */ = {isa = PBXFileReference; lastKnownFileType = text.plist.xml; path = Info.plist; sourceTree = "<group>"; };
		8D71B967C7C721C0851BA9A5 /* Pods-iosApp.debug.xcconfig */ = {isa = PBXFileReference; includeInIndex = 1; lastKnownFileType = text.xcconfig; name = "Pods-iosApp.debug.xcconfig"; path = "Target Support Files/Pods-iosApp/Pods-iosApp.debug.xcconfig"; sourceTree = "<group>"; };
		B3CC9D13C8BFA2030A712676 /* Pods-iosApp-iosAppTests.debug.xcconfig */ = {isa = PBXFileReference; includeInIndex = 1; lastKnownFileType = text.xcconfig; name = "Pods-iosApp-iosAppTests.debug.xcconfig"; path = "Target Support Files/Pods-iosApp-iosAppTests/Pods-iosApp-iosAppTests.debug.xcconfig"; sourceTree = "<group>"; };
/* End PBXFileReference section */

/* Begin PBXFrameworksBuildPhase section */
		04D17D711A5FA722E95F6854 /* Frameworks */ = {
			isa = PBXFrameworksBuildPhase;
			buildActionMask = 2147483647;
			files = (
				7D4F09D4A7AB11BE708941FA /* Pods_iosApp.framework in Frameworks */,
			);
			runOnlyForDeploymentPostprocessing = 0;
		};
		6DC323C7273A2EB200936686 /* Frameworks */ = {
			isa = PBXFrameworksBuildPhase;
			buildActionMask = 2147483647;
			files = (
				5054CF2BBC7D8E9FD0274A21 /* Pods_iosApp_iosAppTests.framework in Frameworks */,
			);
			runOnlyForDeploymentPostprocessing = 0;
		};
/* End PBXFrameworksBuildPhase section */

/* Begin PBXGroup section */
		6D02FA85287F606900C89732 /* key */ = {
			isa = PBXGroup;
			children = (
				6D02FA86287F6A1700C89732 /* keys */,
				6DC323D3273A2F1300936686 /* KMServiceTest.swift */,
			);
			path = key;
			sourceTree = "<group>";
		};
		6D02FA86287F6A1700C89732 /* keys */ = {
			isa = PBXGroup;
			children = (
				6D02FA87287F6A3100C89732 /* KeyPairTests.swift */,
				6D02FA89287F6AE400C89732 /* SymmetricKeyTests.swift */,
			);
			path = keys;
			sourceTree = "<group>";
		};
		6D0F4D9D2853C55B0089EE9E /* messages */ = {
			isa = PBXGroup;
			children = (
				6D0F4D9E2853C5A10089EE9E /* PublicKeyAnnouncement.swift */,
			);
			path = messages;
			sourceTree = "<group>";
		};
		6D22581B28674CF50001A90E /* database */ = {
			isa = PBXGroup;
			children = (
				6D91C9822753FBD900D85654 /* DatabaseServiceTests.swift */,
			);
			path = database;
			sourceTree = "<group>";
		};
		6D56891A286552F400BDE490 /* offer */ = {
			isa = PBXGroup;
			children = (
				6DEE9AE7288AFE0500EF07D8 /* validation */,
				6D56891B2865530800BDE490 /* OfferServiceTests.swift */,
			);
			path = offer;
			sourceTree = "<group>";
		};
		6D56891F2865722F00BDE490 /* structs */ = {
			isa = PBXGroup;
			children = (
				6D5689202865724900BDE490 /* OfferStruct.swift */,
			);
			path = structs;
			sourceTree = "<group>";
		};
		6D5899AD284A782D00DE390A /* blockchain */ = {
			isa = PBXGroup;
			children = (
				6D5899AE284A787700DE390A /* BlockchainServiceTest.swift */,
			);
			path = blockchain;
			sourceTree = "<group>";
		};
		6D6CE880284477E10009B815 /* offer */ = {
			isa = PBXGroup;
			children = (
				6DEE9ADE288AE1F300EF07D8 /* validation */,
				6D6CE881284478040009B815 /* Offer.swift */,
				6D38E9DE2847DDEF005C1285 /* OfferService.swift */,
				6DE0896C284FD49300948166 /* OfferNotifiable.swift */,
				6D56891D28656D1000BDE490 /* OfferServiceError.swift */,
				6D70A5C928665E50003FEDF3 /* OfferTruthSource.swift */,
				6DC2BF41287762CF00E5C3D7 /* OfferDirection.swift */,
				6D6F190A287DFD7E00B9BCA1 /* PreviewableOfferTruthSource.swift */,
				6D6F190C287E02DC00B9BCA1 /* SettlementMethod.swift */,
			);
			path = offer;
			sourceTree = "<group>";
		};
		6D6CE883284479310009B815 /* ui */ = {
			isa = PBXGroup;
			children = (
				6D6CE884284479490009B815 /* OfferCardView.swift */,
				6D9D547C28451183007D1093 /* OffersView.swift */,
				6DA6C04F2847148100F5C1C5 /* OffersViewModel.swift */,
				6D35BC7C284EA9410046A9F8 /* Localizable.strings */,
				6D21A3B92871CC0C00B017BC /* ErrorViewModel.swift */,
				6D096CE82872121700A36764 /* OfferView.swift */,
				6D79D917287B7C4F00CB544A /* StablecoinInformationRepository.swift */,
				6D7D3CDE288390D20004F7F2 /* CreateOfferView.swift */,
			);
			path = ui;
			sourceTree = "<group>";
		};
		6D91C97927533E7A00D85654 /* database */ = {
			isa = PBXGroup;
			children = (
				6D91C97C2753F99400D85654 /* databaseTypes */,
				6D91C97A27533EBB00D85654 /* DatabaseService.swift */,
				6D70A5CD2866A64E003FEDF3 /* DatabaseServiceError.swift */,
			);
			path = database;
			sourceTree = "<group>";
		};
		6D91C97C2753F99400D85654 /* databaseTypes */ = {
			isa = PBXGroup;
			children = (
				6D91C97D2753F9B100D85654 /* DatabaseKeyPair.swift */,
				6D91C9802753FA2900D85654 /* DatabasePublicKey.swift */,
				6D37F9CB28694ED300BA4EE2 /* DatabaseOffer.swift */,
			);
			path = databaseTypes;
			sourceTree = "<group>";
		};
		6D91C9842754327900D85654 /* keys */ = {
			isa = PBXGroup;
			children = (
				6D91C9852754329A00D85654 /* KeyPair.swift */,
				6D91C987275432E300D85654 /* PublicKey.swift */,
				6D8AF7A92759BAEF007BD4E3 /* SymmetricKey.swift */,
			);
			path = keys;
			sourceTree = "<group>";
		};
		6D9291C8284B9FB9002B9E43 /* p2p */ = {
			isa = PBXGroup;
			children = (
				6D0F4D9D2853C55B0089EE9E /* messages */,
				6D9291C9284BA082002B9E43 /* P2PService.swift */,
				6D0F4D9B2853C4F60089EE9E /* OfferMessageNotifiable.swift */,
				6D2C34102856CEFC0072AD96 /* P2PErrorNotifiable.swift */,
			);
			path = p2p;
			sourceTree = "<group>";
		};
		6D9291CB284BC66A002B9E43 /* p2p */ = {
			isa = PBXGroup;
			children = (
				6D9291CC284BC690002B9E43 /* P2PServiceTest.swift */,
			);
			path = p2p;
			sourceTree = "<group>";
		};
		6D9ABCBB273639750034AE01 /* key */ = {
			isa = PBXGroup;
			children = (
				6D91C9842754327900D85654 /* keys */,
				6D9ABCBC2736399F0034AE01 /* KeyManagerService.swift */,
			);
			path = key;
			sourceTree = "<group>";
		};
		6DC323CB273A2EB200936686 /* iosAppTests */ = {
			isa = PBXGroup;
			children = (
				6D02FA85287F606900C89732 /* key */,
				6D22581B28674CF50001A90E /* database */,
				6D56891A286552F400BDE490 /* offer */,
				6D9291CB284BC66A002B9E43 /* p2p */,
				6D5899AD284A782D00DE390A /* blockchain */,
				6D1914DA278B6DC6004A4329 /* MatrixTests.swift */,
				6DA7C2BC275D4DB2003D243C /* CommutoCoreInteraction.swift */,
				6D2AB726273C250D0043DEE7 /* XPlatCryptoCompatibility.swift */,
				6D174E2C27AD7DB800E208F7 /* CINMessageParsers.swift */,
			);
			path = iosAppTests;
			sourceTree = "<group>";
		};
		6DDFAFA2284AAC3D004BC95F /* events */ = {
			isa = PBXGroup;
			children = (
				6DDFAFA3284AAC42004BC95F /* commutoswap */,
			);
			path = events;
			sourceTree = "<group>";
		};
		6DDFAFA3284AAC42004BC95F /* commutoswap */ = {
			isa = PBXGroup;
			children = (
				6DDFAFA4284AAC52004BC95F /* OfferOpenedEvent.swift */,
				6D955394284AC41E00D96E97 /* OfferTakenEvent.swift */,
				6D0886EC28595E2E009B6CF7 /* OfferCanceledEvent.swift */,
				6D9A7281286FD63100458353 /* OfferEditedEvent.swift */,
				6D0FD5C72888A9B700B2DE4B /* ServiceFeeRateChangedEvent.swift */,
			);
			path = commutoswap;
			sourceTree = "<group>";
		};
		6DE6938A284A68C100086719 /* blockchain */ = {
			isa = PBXGroup;
			children = (
				6D56891F2865722F00BDE490 /* structs */,
				6DDFAFA2284AAC3D004BC95F /* events */,
				6DE6938B284A68D400086719 /* BlockchainService.swift */,
				6D6B0FC128504926003A24B3 /* BlockchainServiceError.swift */,
				6D6B0FBF28504603003A24B3 /* BlockchainErrorNotifiable.swift */,
				6DA19782284A8CAD00D2D073 /* CommutoSwapProvider.swift */,
				6D70A5CB28669543003FEDF3 /* BlockchainEventRepository.swift */,
				6D7D3CE028847D9A0004F7F2 /* EthereumAddressExtensions.swift */,
			);
			path = blockchain;
			sourceTree = "<group>";
		};
		6DEE9ADE288AE1F300EF07D8 /* validation */ = {
			isa = PBXGroup;
			children = (
				6DEE9ADF288AE20D00EF07D8 /* NewOfferDataValidator.swift */,
				6DEE9AE1288AE39E00EF07D8 /* ValidatedNewOfferData.swift */,
				6DEE9AE3288AFC6200EF07D8 /* NewOfferDataValidationError.swift */,
			);
			path = validation;
			sourceTree = "<group>";
		};
		6DEE9AE7288AFE0500EF07D8 /* validation */ = {
			isa = PBXGroup;
			children = (
				6DEE9AE5288AFE0000EF07D8 /* NewOfferDataValidatorTests.swift */,
			);
			path = validation;
			sourceTree = "<group>";
		};
		7555FF72242A565900829871 = {
			isa = PBXGroup;
			children = (
				7555FF7D242A565900829871 /* iosApp */,
				6DC323CB273A2EB200936686 /* iosAppTests */,
				7555FF7C242A565900829871 /* Products */,
				9240B60D098B81725109A617 /* Pods */,
				E33D290FF3959EA01112DC82 /* Frameworks */,
			);
			sourceTree = "<group>";
		};
		7555FF7C242A565900829871 /* Products */ = {
			isa = PBXGroup;
			children = (
				7555FF7B242A565900829871 /* iosApp.app */,
				6DC323CA273A2EB200936686 /* iosAppTests.xctest */,
			);
			name = Products;
			sourceTree = "<group>";
		};
		7555FF7D242A565900829871 /* iosApp */ = {
			isa = PBXGroup;
			children = (
				6D9291C8284B9FB9002B9E43 /* p2p */,
				6DE6938A284A68C100086719 /* blockchain */,
				6D6CE883284479310009B815 /* ui */,
				6D6CE880284477E10009B815 /* offer */,
				6D91C97927533E7A00D85654 /* database */,
				6D9ABCBB273639750034AE01 /* key */,
				7555FF82242A565900829871 /* ContentView.swift */,
				7555FF8C242A565B00829871 /* Info.plist */,
				2152FB032600AC8F00CF470E /* iOSApp.swift */,
			);
			path = iosApp;
			sourceTree = "<group>";
		};
		9240B60D098B81725109A617 /* Pods */ = {
			isa = PBXGroup;
			children = (
				8D71B967C7C721C0851BA9A5 /* Pods-iosApp.debug.xcconfig */,
				72DEE244A27CFE4FBFFAAF5E /* Pods-iosApp.release.xcconfig */,
				B3CC9D13C8BFA2030A712676 /* Pods-iosApp-iosAppTests.debug.xcconfig */,
				63F0BA089535DBA1F307F735 /* Pods-iosApp-iosAppTests.release.xcconfig */,
			);
			path = Pods;
			sourceTree = "<group>";
		};
		E33D290FF3959EA01112DC82 /* Frameworks */ = {
			isa = PBXGroup;
			children = (
				6DA7C2CE275D51D8003D243C /* BigInt.framework */,
				6DA7C2D0275D51D8003D243C /* CryptoSwift.framework */,
				6DA7C2D4275D51D8003D243C /* PromiseKit.framework */,
				6DA7C2D6275D51D8003D243C /* secp256k1.framework */,
				6DA7C2D8275D51D8003D243C /* SQLite.framework */,
				6DA7C2DA275D51D8003D243C /* Starscream.framework */,
				6DA7C2BE275D51C2003D243C /* BigInt.framework */,
				6DA7C2C0275D51C2003D243C /* CryptoSwift.framework */,
				6DA7C2C4275D51C2003D243C /* PromiseKit.framework */,
				6DA7C2C6275D51C2003D243C /* secp256k1.framework */,
				6DA7C2C8275D51C2003D243C /* SQLite.framework */,
				6DA7C2CA275D51C2003D243C /* Starscream.framework */,
				6DA7C2CC275D51C2003D243C /* web3swift.framework */,
				2A9BECD972936E6488DBD023 /* Pods_iosApp.framework */,
				461D331E046A712417E05978 /* Pods_iosApp_iosAppTests.framework */,
			);
			name = Frameworks;
			sourceTree = "<group>";
		};
/* End PBXGroup section */

/* Begin PBXNativeTarget section */
		6DC323C9273A2EB200936686 /* iosAppTests */ = {
			isa = PBXNativeTarget;
			buildConfigurationList = 6DC323D2273A2EB200936686 /* Build configuration list for PBXNativeTarget "iosAppTests" */;
			buildPhases = (
				85EEA8881867903BB4BBA8FF /* [CP] Check Pods Manifest.lock */,
				6DC323C6273A2EB200936686 /* Sources */,
				6DC323C8273A2EB200936686 /* Resources */,
				6DC323C7273A2EB200936686 /* Frameworks */,
				8DFEAB3E097B6889C7C166D8 /* [CP] Embed Pods Frameworks */,
			);
			buildRules = (
			);
			dependencies = (
				6DC323CF273A2EB200936686 /* PBXTargetDependency */,
			);
			name = iosAppTests;
			productName = iosAppTests;
			productReference = 6DC323CA273A2EB200936686 /* iosAppTests.xctest */;
			productType = "com.apple.product-type.bundle.unit-test";
		};
		7555FF7A242A565900829871 /* iosApp */ = {
			isa = PBXNativeTarget;
			buildConfigurationList = 7555FFA5242A565B00829871 /* Build configuration list for PBXNativeTarget "iosApp" */;
			buildPhases = (
				ABE880F5CD7D71121426C1F8 /* [CP] Check Pods Manifest.lock */,
				7555FF77242A565900829871 /* Sources */,
				7555FF79242A565900829871 /* Resources */,
				04D17D711A5FA722E95F6854 /* Frameworks */,
				D35CFB630DE55FE031183EB2 /* [CP] Embed Pods Frameworks */,
			);
			buildRules = (
			);
			dependencies = (
			);
			name = iosApp;
			productName = iosApp;
			productReference = 7555FF7B242A565900829871 /* iosApp.app */;
			productType = "com.apple.product-type.application";
		};
/* End PBXNativeTarget section */

/* Begin PBXProject section */
		7555FF73242A565900829871 /* Project object */ = {
			isa = PBXProject;
			attributes = {
				LastSwiftUpdateCheck = 1310;
				LastUpgradeCheck = 1130;
				ORGANIZATIONNAME = orgName;
				TargetAttributes = {
					6DC323C9273A2EB200936686 = {
						CreatedOnToolsVersion = 13.1;
						TestTargetID = 7555FF7A242A565900829871;
					};
					7555FF7A242A565900829871 = {
						CreatedOnToolsVersion = 11.3.1;
					};
				};
			};
			buildConfigurationList = 7555FF76242A565900829871 /* Build configuration list for PBXProject "iosApp" */;
			compatibilityVersion = "Xcode 9.3";
			developmentRegion = en;
			hasScannedForEncodings = 0;
			knownRegions = (
				en,
				Base,
				de,
			);
			mainGroup = 7555FF72242A565900829871;
			productRefGroup = 7555FF7C242A565900829871 /* Products */;
			projectDirPath = "";
			projectRoot = "";
			targets = (
				7555FF7A242A565900829871 /* iosApp */,
				6DC323C9273A2EB200936686 /* iosAppTests */,
			);
		};
/* End PBXProject section */

/* Begin PBXResourcesBuildPhase section */
		6DC323C8273A2EB200936686 /* Resources */ = {
			isa = PBXResourcesBuildPhase;
			buildActionMask = 2147483647;
			files = (
			);
			runOnlyForDeploymentPostprocessing = 0;
		};
		7555FF79242A565900829871 /* Resources */ = {
			isa = PBXResourcesBuildPhase;
			buildActionMask = 2147483647;
			files = (
				6D35BC7A284EA9410046A9F8 /* Localizable.strings in Resources */,
			);
			runOnlyForDeploymentPostprocessing = 0;
		};
/* End PBXResourcesBuildPhase section */

/* Begin PBXShellScriptBuildPhase section */
		85EEA8881867903BB4BBA8FF /* [CP] Check Pods Manifest.lock */ = {
			isa = PBXShellScriptBuildPhase;
			buildActionMask = 2147483647;
			files = (
			);
			inputFileListPaths = (
			);
			inputPaths = (
				"${PODS_PODFILE_DIR_PATH}/Podfile.lock",
				"${PODS_ROOT}/Manifest.lock",
			);
			name = "[CP] Check Pods Manifest.lock";
			outputFileListPaths = (
			);
			outputPaths = (
				"$(DERIVED_FILE_DIR)/Pods-iosApp-iosAppTests-checkManifestLockResult.txt",
			);
			runOnlyForDeploymentPostprocessing = 0;
			shellPath = /bin/sh;
			shellScript = "diff \"${PODS_PODFILE_DIR_PATH}/Podfile.lock\" \"${PODS_ROOT}/Manifest.lock\" > /dev/null\nif [ $? != 0 ] ; then\n    # print error to STDERR\n    echo \"error: The sandbox is not in sync with the Podfile.lock. Run 'pod install' or update your CocoaPods installation.\" >&2\n    exit 1\nfi\n# This output is used by Xcode 'outputs' to avoid re-running this script phase.\necho \"SUCCESS\" > \"${SCRIPT_OUTPUT_FILE_0}\"\n";
			showEnvVarsInLog = 0;
		};
		8DFEAB3E097B6889C7C166D8 /* [CP] Embed Pods Frameworks */ = {
			isa = PBXShellScriptBuildPhase;
			buildActionMask = 2147483647;
			files = (
			);
			inputFileListPaths = (
				"${PODS_ROOT}/Target Support Files/Pods-iosApp-iosAppTests/Pods-iosApp-iosAppTests-frameworks-${CONFIGURATION}-input-files.xcfilelist",
			);
			name = "[CP] Embed Pods Frameworks";
			outputFileListPaths = (
				"${PODS_ROOT}/Target Support Files/Pods-iosApp-iosAppTests/Pods-iosApp-iosAppTests-frameworks-${CONFIGURATION}-output-files.xcfilelist",
			);
			runOnlyForDeploymentPostprocessing = 0;
			shellPath = /bin/sh;
			shellScript = "\"${PODS_ROOT}/Target Support Files/Pods-iosApp-iosAppTests/Pods-iosApp-iosAppTests-frameworks.sh\"\n";
			showEnvVarsInLog = 0;
		};
		ABE880F5CD7D71121426C1F8 /* [CP] Check Pods Manifest.lock */ = {
			isa = PBXShellScriptBuildPhase;
			buildActionMask = 2147483647;
			files = (
			);
			inputFileListPaths = (
			);
			inputPaths = (
				"${PODS_PODFILE_DIR_PATH}/Podfile.lock",
				"${PODS_ROOT}/Manifest.lock",
			);
			name = "[CP] Check Pods Manifest.lock";
			outputFileListPaths = (
			);
			outputPaths = (
				"$(DERIVED_FILE_DIR)/Pods-iosApp-checkManifestLockResult.txt",
			);
			runOnlyForDeploymentPostprocessing = 0;
			shellPath = /bin/sh;
			shellScript = "diff \"${PODS_PODFILE_DIR_PATH}/Podfile.lock\" \"${PODS_ROOT}/Manifest.lock\" > /dev/null\nif [ $? != 0 ] ; then\n    # print error to STDERR\n    echo \"error: The sandbox is not in sync with the Podfile.lock. Run 'pod install' or update your CocoaPods installation.\" >&2\n    exit 1\nfi\n# This output is used by Xcode 'outputs' to avoid re-running this script phase.\necho \"SUCCESS\" > \"${SCRIPT_OUTPUT_FILE_0}\"\n";
			showEnvVarsInLog = 0;
		};
		D35CFB630DE55FE031183EB2 /* [CP] Embed Pods Frameworks */ = {
			isa = PBXShellScriptBuildPhase;
			buildActionMask = 2147483647;
			files = (
			);
			inputFileListPaths = (
				"${PODS_ROOT}/Target Support Files/Pods-iosApp/Pods-iosApp-frameworks-${CONFIGURATION}-input-files.xcfilelist",
			);
			name = "[CP] Embed Pods Frameworks";
			outputFileListPaths = (
				"${PODS_ROOT}/Target Support Files/Pods-iosApp/Pods-iosApp-frameworks-${CONFIGURATION}-output-files.xcfilelist",
			);
			runOnlyForDeploymentPostprocessing = 0;
			shellPath = /bin/sh;
			shellScript = "\"${PODS_ROOT}/Target Support Files/Pods-iosApp/Pods-iosApp-frameworks.sh\"\n";
			showEnvVarsInLog = 0;
		};
/* End PBXShellScriptBuildPhase section */

/* Begin PBXSourcesBuildPhase section */
		6DC323C6273A2EB200936686 /* Sources */ = {
			isa = PBXSourcesBuildPhase;
			buildActionMask = 2147483647;
			files = (
				6DEE9AE6288AFE0000EF07D8 /* NewOfferDataValidatorTests.swift in Sources */,
				6D56891C2865530800BDE490 /* OfferServiceTests.swift in Sources */,
				6D1914DB278B6DC7004A4329 /* MatrixTests.swift in Sources */,
				6D91C9832753FBD900D85654 /* DatabaseServiceTests.swift in Sources */,
				6D02FA8A287F6AE400C89732 /* SymmetricKeyTests.swift in Sources */,
				6D2AB727273C250D0043DEE7 /* XPlatCryptoCompatibility.swift in Sources */,
				6DA7C2BD275D4DB2003D243C /* CommutoCoreInteraction.swift in Sources */,
				6D5899AF284A787700DE390A /* BlockchainServiceTest.swift in Sources */,
				6D9291CD284BC690002B9E43 /* P2PServiceTest.swift in Sources */,
				6DC323D4273A2F1300936686 /* KMServiceTest.swift in Sources */,
				6D174E2D27AD7DB800E208F7 /* CINMessageParsers.swift in Sources */,
				6D02FA88287F6A3100C89732 /* KeyPairTests.swift in Sources */,
			);
			runOnlyForDeploymentPostprocessing = 0;
		};
		7555FF77242A565900829871 /* Sources */ = {
			isa = PBXSourcesBuildPhase;
			buildActionMask = 2147483647;
			files = (
				6DEE9AE4288AFC6200EF07D8 /* NewOfferDataValidationError.swift in Sources */,
				6D6B0FC228504926003A24B3 /* BlockchainServiceError.swift in Sources */,
				6D38E9DF2847DDEF005C1285 /* OfferService.swift in Sources */,
				6D2C34112856CEFC0072AD96 /* P2PErrorNotifiable.swift in Sources */,
				6DE6938C284A68D400086719 /* BlockchainService.swift in Sources */,
				2152FB042600AC8F00CF470E /* iOSApp.swift in Sources */,
				6DEE9AE0288AE20D00EF07D8 /* NewOfferDataValidator.swift in Sources */,
				6D70A5CC28669543003FEDF3 /* BlockchainEventRepository.swift in Sources */,
				6D91C97B27533EBB00D85654 /* DatabaseService.swift in Sources */,
				6D0F4D9C2853C4F60089EE9E /* OfferMessageNotifiable.swift in Sources */,
				6D37F9CC28694ED300BA4EE2 /* DatabaseOffer.swift in Sources */,
				6D7D3CDF288390D20004F7F2 /* CreateOfferView.swift in Sources */,
				6D21A3BA2871CC0C00B017BC /* ErrorViewModel.swift in Sources */,
				6D5689212865724900BDE490 /* OfferStruct.swift in Sources */,
				6D91C97E2753F9B100D85654 /* DatabaseKeyPair.swift in Sources */,
				6DEE9AE2288AE39E00EF07D8 /* ValidatedNewOfferData.swift in Sources */,
				6D9D547D28451183007D1093 /* OffersView.swift in Sources */,
				6D9ABCBD2736399F0034AE01 /* KeyManagerService.swift in Sources */,
				6D0F4D9F2853C5A10089EE9E /* PublicKeyAnnouncement.swift in Sources */,
				6D6B0FC028504603003A24B3 /* BlockchainErrorNotifiable.swift in Sources */,
				6D0886ED28595E2E009B6CF7 /* OfferCanceledEvent.swift in Sources */,
				6D7D3CE128847D9A0004F7F2 /* EthereumAddressExtensions.swift in Sources */,
				6D0FD5C82888A9B700B2DE4B /* ServiceFeeRateChangedEvent.swift in Sources */,
				6D56891E28656D1000BDE490 /* OfferServiceError.swift in Sources */,
				6D6F190B287DFD7F00B9BCA1 /* PreviewableOfferTruthSource.swift in Sources */,
				6DC2BF42287762CF00E5C3D7 /* OfferDirection.swift in Sources */,
				6D6CE882284478040009B815 /* Offer.swift in Sources */,
				6D91C9862754329B00D85654 /* KeyPair.swift in Sources */,
				6DA6C0502847148100F5C1C5 /* OffersViewModel.swift in Sources */,
				7555FF83242A565900829871 /* ContentView.swift in Sources */,
				6D79D918287B7C4F00CB544A /* StablecoinInformationRepository.swift in Sources */,
				6D70A5CA28665E50003FEDF3 /* OfferTruthSource.swift in Sources */,
				6DDFAFA5284AAC52004BC95F /* OfferOpenedEvent.swift in Sources */,
				6D91C988275432E300D85654 /* PublicKey.swift in Sources */,
				6D9A7282286FD63100458353 /* OfferEditedEvent.swift in Sources */,
				6D6CE885284479490009B815 /* OfferCardView.swift in Sources */,
				6D91C9812753FA2900D85654 /* DatabasePublicKey.swift in Sources */,
				6D6F190D287E02DC00B9BCA1 /* SettlementMethod.swift in Sources */,
				6D9291CA284BA082002B9E43 /* P2PService.swift in Sources */,
				6D096CE92872121700A36764 /* OfferView.swift in Sources */,
				6D955395284AC41E00D96E97 /* OfferTakenEvent.swift in Sources */,
				6DA19783284A8CAD00D2D073 /* CommutoSwapProvider.swift in Sources */,
				6D8AF7AA2759BAF0007BD4E3 /* SymmetricKey.swift in Sources */,
				6D70A5CE2866A64E003FEDF3 /* DatabaseServiceError.swift in Sources */,
				6DE0896D284FD49300948166 /* OfferNotifiable.swift in Sources */,
			);
			runOnlyForDeploymentPostprocessing = 0;
		};
/* End PBXSourcesBuildPhase section */

/* Begin PBXTargetDependency section */
		6DC323CF273A2EB200936686 /* PBXTargetDependency */ = {
			isa = PBXTargetDependency;
			target = 7555FF7A242A565900829871 /* iosApp */;
			targetProxy = 6DC323CE273A2EB200936686 /* PBXContainerItemProxy */;
		};
/* End PBXTargetDependency section */

/* Begin PBXVariantGroup section */
		6D35BC7C284EA9410046A9F8 /* Localizable.strings */ = {
			isa = PBXVariantGroup;
			children = (
				6D35BC7B284EA9410046A9F8 /* de */,
				6D35BC7D284EA9460046A9F8 /* en */,
			);
			name = Localizable.strings;
			sourceTree = "<group>";
		};
/* End PBXVariantGroup section */

/* Begin XCBuildConfiguration section */
		6DC323D0273A2EB200936686 /* Debug */ = {
			isa = XCBuildConfiguration;
			baseConfigurationReference = B3CC9D13C8BFA2030A712676 /* Pods-iosApp-iosAppTests.debug.xcconfig */;
			buildSettings = {
				BUNDLE_LOADER = "$(TEST_HOST)";
				CLANG_CXX_LANGUAGE_STANDARD = "gnu++17";
				"CODE_SIGN_IDENTITY[sdk=macosx*]" = "Apple Development";
				CODE_SIGN_STYLE = Automatic;
				CURRENT_PROJECT_VERSION = 1;
				DEBUG_INFORMATION_FORMAT = dwarf;
				DEVELOPMENT_TEAM = "";
				ENABLE_BITCODE = NO;
				ENABLE_TESTING_SEARCH_PATHS = YES;
				GENERATE_INFOPLIST_FILE = YES;
				IPHONEOS_DEPLOYMENT_TARGET = 15.0;
				LD_RUNPATH_SEARCH_PATHS = (
					"$(inherited)",
					"@executable_path/Frameworks",
					"@loader_path/Frameworks",
				);
				MARKETING_VERSION = 1.0;
				PRODUCT_BUNDLE_IDENTIFIER = com.commuto.interfacemobile.iosAppTests;
				PRODUCT_NAME = "$(TARGET_NAME)";
				SWIFT_EMIT_LOC_STRINGS = NO;
				SWIFT_VERSION = 5.0;
				TARGETED_DEVICE_FAMILY = "1,2";
				TEST_HOST = "$(BUILT_PRODUCTS_DIR)/iosApp.app/iosApp";
			};
			name = Debug;
		};
		6DC323D1273A2EB200936686 /* Release */ = {
			isa = XCBuildConfiguration;
			baseConfigurationReference = 63F0BA089535DBA1F307F735 /* Pods-iosApp-iosAppTests.release.xcconfig */;
			buildSettings = {
				BUNDLE_LOADER = "$(TEST_HOST)";
				CLANG_CXX_LANGUAGE_STANDARD = "gnu++17";
				"CODE_SIGN_IDENTITY[sdk=macosx*]" = "Apple Development";
				CODE_SIGN_STYLE = Automatic;
				CURRENT_PROJECT_VERSION = 1;
				DEVELOPMENT_TEAM = "";
				ENABLE_BITCODE = NO;
				ENABLE_TESTING_SEARCH_PATHS = YES;
				GENERATE_INFOPLIST_FILE = YES;
				IPHONEOS_DEPLOYMENT_TARGET = 15.0;
				LD_RUNPATH_SEARCH_PATHS = (
					"$(inherited)",
					"@executable_path/Frameworks",
					"@loader_path/Frameworks",
				);
				MARKETING_VERSION = 1.0;
				PRODUCT_BUNDLE_IDENTIFIER = com.commuto.interfacemobile.iosAppTests;
				PRODUCT_NAME = "$(TARGET_NAME)";
				SWIFT_EMIT_LOC_STRINGS = NO;
				SWIFT_VERSION = 5.0;
				TARGETED_DEVICE_FAMILY = "1,2";
				TEST_HOST = "$(BUILT_PRODUCTS_DIR)/iosApp.app/iosApp";
			};
			name = Release;
		};
		7555FFA3242A565B00829871 /* Debug */ = {
			isa = XCBuildConfiguration;
			buildSettings = {
				ALWAYS_SEARCH_USER_PATHS = NO;
				CLANG_ANALYZER_NONNULL = YES;
				CLANG_ANALYZER_NUMBER_OBJECT_CONVERSION = YES_AGGRESSIVE;
				CLANG_CXX_LANGUAGE_STANDARD = "gnu++14";
				CLANG_CXX_LIBRARY = "libc++";
				CLANG_ENABLE_MODULES = YES;
				CLANG_ENABLE_OBJC_ARC = YES;
				CLANG_ENABLE_OBJC_WEAK = YES;
				CLANG_WARN_BLOCK_CAPTURE_AUTORELEASING = YES;
				CLANG_WARN_BOOL_CONVERSION = YES;
				CLANG_WARN_COMMA = YES;
				CLANG_WARN_CONSTANT_CONVERSION = YES;
				CLANG_WARN_DEPRECATED_OBJC_IMPLEMENTATIONS = YES;
				CLANG_WARN_DIRECT_OBJC_ISA_USAGE = YES_ERROR;
				CLANG_WARN_DOCUMENTATION_COMMENTS = YES;
				CLANG_WARN_EMPTY_BODY = YES;
				CLANG_WARN_ENUM_CONVERSION = YES;
				CLANG_WARN_INFINITE_RECURSION = YES;
				CLANG_WARN_INT_CONVERSION = YES;
				CLANG_WARN_NON_LITERAL_NULL_CONVERSION = YES;
				CLANG_WARN_OBJC_IMPLICIT_RETAIN_SELF = YES;
				CLANG_WARN_OBJC_LITERAL_CONVERSION = YES;
				CLANG_WARN_OBJC_ROOT_CLASS = YES_ERROR;
				CLANG_WARN_QUOTED_INCLUDE_IN_FRAMEWORK_HEADER = YES;
				CLANG_WARN_RANGE_LOOP_ANALYSIS = YES;
				CLANG_WARN_STRICT_PROTOTYPES = YES;
				CLANG_WARN_SUSPICIOUS_MOVE = YES;
				CLANG_WARN_UNGUARDED_AVAILABILITY = YES_AGGRESSIVE;
				CLANG_WARN_UNREACHABLE_CODE = YES;
				CLANG_WARN__DUPLICATE_METHOD_MATCH = YES;
				COPY_PHASE_STRIP = NO;
				DEBUG_INFORMATION_FORMAT = "dwarf-with-dsym";
				ENABLE_STRICT_OBJC_MSGSEND = YES;
				ENABLE_TESTABILITY = YES;
				ENABLE_TESTING_SEARCH_PATHS = NO;
				GCC_C_LANGUAGE_STANDARD = gnu11;
				GCC_DYNAMIC_NO_PIC = NO;
				GCC_NO_COMMON_BLOCKS = YES;
				GCC_OPTIMIZATION_LEVEL = 0;
				GCC_PREPROCESSOR_DEFINITIONS = (
					"DEBUG=1",
					"$(inherited)",
				);
				GCC_WARN_64_TO_32_BIT_CONVERSION = YES;
				GCC_WARN_ABOUT_RETURN_TYPE = YES_ERROR;
				GCC_WARN_UNDECLARED_SELECTOR = YES;
				GCC_WARN_UNINITIALIZED_AUTOS = YES_AGGRESSIVE;
				GCC_WARN_UNUSED_FUNCTION = YES;
				GCC_WARN_UNUSED_VARIABLE = YES;
				IPHONEOS_DEPLOYMENT_TARGET = 14.3;
				MTL_ENABLE_DEBUG_INFO = INCLUDE_SOURCE;
				MTL_FAST_MATH = YES;
				ONLY_ACTIVE_ARCH = YES;
				SDKROOT = iphoneos;
				SWIFT_ACTIVE_COMPILATION_CONDITIONS = DEBUG;
				SWIFT_OPTIMIZATION_LEVEL = "-Onone";
			};
			name = Debug;
		};
		7555FFA4242A565B00829871 /* Release */ = {
			isa = XCBuildConfiguration;
			buildSettings = {
				ALWAYS_SEARCH_USER_PATHS = NO;
				CLANG_ANALYZER_NONNULL = YES;
				CLANG_ANALYZER_NUMBER_OBJECT_CONVERSION = YES_AGGRESSIVE;
				CLANG_CXX_LANGUAGE_STANDARD = "gnu++14";
				CLANG_CXX_LIBRARY = "libc++";
				CLANG_ENABLE_MODULES = YES;
				CLANG_ENABLE_OBJC_ARC = YES;
				CLANG_ENABLE_OBJC_WEAK = YES;
				CLANG_WARN_BLOCK_CAPTURE_AUTORELEASING = YES;
				CLANG_WARN_BOOL_CONVERSION = YES;
				CLANG_WARN_COMMA = YES;
				CLANG_WARN_CONSTANT_CONVERSION = YES;
				CLANG_WARN_DEPRECATED_OBJC_IMPLEMENTATIONS = YES;
				CLANG_WARN_DIRECT_OBJC_ISA_USAGE = YES_ERROR;
				CLANG_WARN_DOCUMENTATION_COMMENTS = YES;
				CLANG_WARN_EMPTY_BODY = YES;
				CLANG_WARN_ENUM_CONVERSION = YES;
				CLANG_WARN_INFINITE_RECURSION = YES;
				CLANG_WARN_INT_CONVERSION = YES;
				CLANG_WARN_NON_LITERAL_NULL_CONVERSION = YES;
				CLANG_WARN_OBJC_IMPLICIT_RETAIN_SELF = YES;
				CLANG_WARN_OBJC_LITERAL_CONVERSION = YES;
				CLANG_WARN_OBJC_ROOT_CLASS = YES_ERROR;
				CLANG_WARN_QUOTED_INCLUDE_IN_FRAMEWORK_HEADER = YES;
				CLANG_WARN_RANGE_LOOP_ANALYSIS = YES;
				CLANG_WARN_STRICT_PROTOTYPES = YES;
				CLANG_WARN_SUSPICIOUS_MOVE = YES;
				CLANG_WARN_UNGUARDED_AVAILABILITY = YES_AGGRESSIVE;
				CLANG_WARN_UNREACHABLE_CODE = YES;
				CLANG_WARN__DUPLICATE_METHOD_MATCH = YES;
				COPY_PHASE_STRIP = NO;
				DEBUG_INFORMATION_FORMAT = "dwarf-with-dsym";
				ENABLE_NS_ASSERTIONS = NO;
				ENABLE_STRICT_OBJC_MSGSEND = YES;
				ENABLE_TESTING_SEARCH_PATHS = NO;
				GCC_C_LANGUAGE_STANDARD = gnu11;
				GCC_NO_COMMON_BLOCKS = YES;
				GCC_WARN_64_TO_32_BIT_CONVERSION = YES;
				GCC_WARN_ABOUT_RETURN_TYPE = YES_ERROR;
				GCC_WARN_UNDECLARED_SELECTOR = YES;
				GCC_WARN_UNINITIALIZED_AUTOS = YES_AGGRESSIVE;
				GCC_WARN_UNUSED_FUNCTION = YES;
				GCC_WARN_UNUSED_VARIABLE = YES;
				IPHONEOS_DEPLOYMENT_TARGET = 14.3;
				MTL_ENABLE_DEBUG_INFO = NO;
				MTL_FAST_MATH = YES;
				SDKROOT = iphoneos;
				SWIFT_COMPILATION_MODE = wholemodule;
				SWIFT_OPTIMIZATION_LEVEL = "-O";
				VALIDATE_PRODUCT = YES;
			};
			name = Release;
		};
		7555FFA6242A565B00829871 /* Debug */ = {
			isa = XCBuildConfiguration;
			baseConfigurationReference = 8D71B967C7C721C0851BA9A5 /* Pods-iosApp.debug.xcconfig */;
			buildSettings = {
				ASSETCATALOG_COMPILER_APPICON_NAME = AppIcon;
				CODE_SIGN_STYLE = Automatic;
				DEVELOPMENT_TEAM = 5GNRU3JC6L;
				ENABLE_PREVIEWS = YES;
				INFOPLIST_FILE = iosApp/Info.plist;
				LD_RUNPATH_SEARCH_PATHS = (
					"$(inherited)",
					"@executable_path/Frameworks",
				);
				PRODUCT_BUNDLE_IDENTIFIER = xyz.commuto;
				PRODUCT_NAME = "$(TARGET_NAME)";
				SWIFT_VERSION = 5.0;
				TARGETED_DEVICE_FAMILY = "1,2";
			};
			name = Debug;
		};
		7555FFA7242A565B00829871 /* Release */ = {
			isa = XCBuildConfiguration;
			baseConfigurationReference = 72DEE244A27CFE4FBFFAAF5E /* Pods-iosApp.release.xcconfig */;
			buildSettings = {
				ASSETCATALOG_COMPILER_APPICON_NAME = AppIcon;
				CODE_SIGN_STYLE = Automatic;
				DEVELOPMENT_TEAM = 5GNRU3JC6L;
				ENABLE_PREVIEWS = YES;
				INFOPLIST_FILE = iosApp/Info.plist;
				LD_RUNPATH_SEARCH_PATHS = (
					"$(inherited)",
					"@executable_path/Frameworks",
				);
				PRODUCT_BUNDLE_IDENTIFIER = xyz.commuto;
				PRODUCT_NAME = "$(TARGET_NAME)";
				SWIFT_VERSION = 5.0;
				TARGETED_DEVICE_FAMILY = "1,2";
			};
			name = Release;
		};
/* End XCBuildConfiguration section */

/* Begin XCConfigurationList section */
		6DC323D2273A2EB200936686 /* Build configuration list for PBXNativeTarget "iosAppTests" */ = {
			isa = XCConfigurationList;
			buildConfigurations = (
				6DC323D0273A2EB200936686 /* Debug */,
				6DC323D1273A2EB200936686 /* Release */,
			);
			defaultConfigurationIsVisible = 0;
			defaultConfigurationName = Release;
		};
		7555FF76242A565900829871 /* Build configuration list for PBXProject "iosApp" */ = {
			isa = XCConfigurationList;
			buildConfigurations = (
				7555FFA3242A565B00829871 /* Debug */,
				7555FFA4242A565B00829871 /* Release */,
			);
			defaultConfigurationIsVisible = 0;
			defaultConfigurationName = Release;
		};
		7555FFA5242A565B00829871 /* Build configuration list for PBXNativeTarget "iosApp" */ = {
			isa = XCConfigurationList;
			buildConfigurations = (
				7555FFA6242A565B00829871 /* Debug */,
				7555FFA7242A565B00829871 /* Release */,
			);
			defaultConfigurationIsVisible = 0;
			defaultConfigurationName = Release;
		};
/* End XCConfigurationList section */
	};
	rootObject = 7555FF73242A565900829871 /* Project object */;
}
